
Microsoft Visual Studio Solution File, Format Version 12.00
# Visual Studio Version 16
VisualStudioVersion = 16.0.30611.23
MinimumVisualStudioVersion = 10.0.40219.1
Project("{FAE04EC0-301F-11D3-BF4B-00C04F79EFBC}") = "Bank", "Bank\Bank.csproj", "{F3E9FD96-8251-4C54-915E-52EEFA01A65F}"
EndProject
Global
	GlobalSection(SolutionConfigurationPlatforms) = preSolution
		Debug|Any CPU = Debug|Any CPU
		Release|Any CPU = Release|Any CPU
	EndGlobalSection
	GlobalSection(ProjectConfigurationPlatforms) = postSolution
		{F3E9FD96-8251-4C54-915E-52EEFA01A65F}.Debug|Any CPU.ActiveCfg = Debug|Any CPU
		{F3E9FD96-8251-4C54-915E-52EEFA01A65F}.Debug|Any CPU.Build.0 = Debug|Any CPU
		{F3E9FD96-8251-4C54-915E-52EEFA01A65F}.Release|Any CPU.ActiveCfg = Release|Any CPU
		{F3E9FD96-8251-4C54-915E-52EEFA01A65F}.Release|Any CPU.Build.0 = Release|Any CPU
	EndGlobalSection
	GlobalSection(SolutionProperties) = preSolution
		HideSolutionNode = FALSE
	EndGlobalSection
	GlobalSection(ExtensibilityGlobals) = postSolution
		SolutionGuid = {D7641CEA-9DC2-4EEB-8844-45BFF1147A12}
	EndGlobalSection
EndGlobal
